// !$*UTF8*$!
{
	archiveVersion = 1;
	classes = {
	};
	objectVersion = 46;
	objects = {

/* Begin PBXBuildFile section */
		7706D5F313DC569900758E6F /* SettingsTableViewController.m in Sources */ = {isa = PBXBuildFile; fileRef = 7706D5F113DC569900758E6F /* SettingsTableViewController.m */; };
		7706D61413DC6D1600758E6F /* InfoViewController.m in Sources */ = {isa = PBXBuildFile; fileRef = 7706D61313DC6D1600758E6F /* InfoViewController.m */; };
		7706D61E13DC90F200758E6F /* SettingsTableViewController.xib in Resources */ = {isa = PBXBuildFile; fileRef = 7706D61D13DC90F200758E6F /* SettingsTableViewController.xib */; };
		7710316113D7879700AE186F /* QuartzCore.framework in Frameworks */ = {isa = PBXBuildFile; fileRef = 7710316013D7879700AE186F /* QuartzCore.framework */; };
		7738020413E827CD00EEFF56 /* MainWindow.xib in Resources */ = {isa = PBXBuildFile; fileRef = 7738020513E827CD00EEFF56 /* MainWindow.xib */; };
		7741E07713E0488C002E7C7F /* BeanieBack.png in Resources */ = {isa = PBXBuildFile; fileRef = 7741E06013E0488C002E7C7F /* BeanieBack.png */; };
		7741E07813E0488C002E7C7F /* BlueBeanie.png in Resources */ = {isa = PBXBuildFile; fileRef = 7741E06113E0488C002E7C7F /* BlueBeanie.png */; };
		7741E07A13E0488C002E7C7F /* ClosedRing_320.png in Resources */ = {isa = PBXBuildFile; fileRef = 7741E06313E0488C002E7C7F /* ClosedRing_320.png */; };
		7741E07B13E0488C002E7C7F /* Default-Landscape~ipad.png in Resources */ = {isa = PBXBuildFile; fileRef = 7741E06413E0488C002E7C7F /* Default-Landscape~ipad.png */; };
		7741E07C13E0488C002E7C7F /* Default-Portrait~ipad.png in Resources */ = {isa = PBXBuildFile; fileRef = 7741E06513E0488C002E7C7F /* Default-Portrait~ipad.png */; };
		7741E07D13E0488C002E7C7F /* Default.png in Resources */ = {isa = PBXBuildFile; fileRef = 7741E06613E0488C002E7C7F /* Default.png */; };
		7741E07E13E0488C002E7C7F /* Default@2x.png in Resources */ = {isa = PBXBuildFile; fileRef = 7741E06713E0488C002E7C7F /* Default@2x.png */; };
		7741E07F13E0488C002E7C7F /* icon.png in Resources */ = {isa = PBXBuildFile; fileRef = 7741E06813E0488C002E7C7F /* icon.png */; };
		7741E08013E0488C002E7C7F /* icon@2x.png in Resources */ = {isa = PBXBuildFile; fileRef = 7741E06913E0488C002E7C7F /* icon@2x.png */; };
		7741E08113E0488C002E7C7F /* icon@iPad.png in Resources */ = {isa = PBXBuildFile; fileRef = 7741E06A13E0488C002E7C7F /* icon@iPad.png */; };
		7741E08213E0488C002E7C7F /* InfoButton.png in Resources */ = {isa = PBXBuildFile; fileRef = 7741E06B13E0488C002E7C7F /* InfoButton.png */; };
		7741E08313E0488C002E7C7F /* InfoButton@2x.png in Resources */ = {isa = PBXBuildFile; fileRef = 7741E06C13E0488C002E7C7F /* InfoButton@2x.png */; };
		7741E08413E0488C002E7C7F /* MAGSHAREBadge.png in Resources */ = {isa = PBXBuildFile; fileRef = 7741E06D13E0488C002E7C7F /* MAGSHAREBadge.png */; };
		7741E08613E0488C002E7C7F /* OpenRing_320.png in Resources */ = {isa = PBXBuildFile; fileRef = 7741E06F13E0488C002E7C7F /* OpenRing_320.png */; };
		7741E08713E0488C002E7C7F /* Prefs.png in Resources */ = {isa = PBXBuildFile; fileRef = 7741E07013E0488C002E7C7F /* Prefs.png */; };
		7741E08813E0488C002E7C7F /* Prefs@2x.png in Resources */ = {isa = PBXBuildFile; fileRef = 7741E07113E0488C002E7C7F /* Prefs@2x.png */; };
		7741E08913E0488C002E7C7F /* ResetButton.png in Resources */ = {isa = PBXBuildFile; fileRef = 7741E07213E0488C002E7C7F /* ResetButton.png */; };
		7741E08A13E0488C002E7C7F /* ResetButton@2x.png in Resources */ = {isa = PBXBuildFile; fileRef = 7741E07313E0488C002E7C7F /* ResetButton@2x.png */; };
		7741E08B13E0488C002E7C7F /* Shadow.png in Resources */ = {isa = PBXBuildFile; fileRef = 7741E07413E0488C002E7C7F /* Shadow.png */; };
		7741E08C13E0488C002E7C7F /* Time.png in Resources */ = {isa = PBXBuildFile; fileRef = 7741E07513E0488C002E7C7F /* Time.png */; };
		7741E08D13E0488C002E7C7F /* Time@2x.png in Resources */ = {isa = PBXBuildFile; fileRef = 7741E07613E0488C002E7C7F /* Time@2x.png */; };
		774501EC13E86739001A3E14 /* InfoPlist.strings in Resources */ = {isa = PBXBuildFile; fileRef = 774501EA13E86739001A3E14 /* InfoPlist.strings */; };
		774501EE13E86748001A3E14 /* Localizable.strings in Resources */ = {isa = PBXBuildFile; fileRef = 774501F013E86748001A3E14 /* Localizable.strings */; };
		7777A81213E8422E00D1C2AC /* 01_White_Face.png in Resources */ = {isa = PBXBuildFile; fileRef = 7777A81413E8422E00D1C2AC /* 01_White_Face.png */; };
		7777A82A13E8428100D1C2AC /* 02_Orange_Face.png in Resources */ = {isa = PBXBuildFile; fileRef = 7777A82C13E8428100D1C2AC /* 02_Orange_Face.png */; };
		7777A82E13E8429C00D1C2AC /* 03_Green_Face.png in Resources */ = {isa = PBXBuildFile; fileRef = 7777A83013E8429C00D1C2AC /* 03_Green_Face.png */; };
		7777A83213E842A900D1C2AC /* 04_Red_Face.png in Resources */ = {isa = PBXBuildFile; fileRef = 7777A83413E842A900D1C2AC /* 04_Red_Face.png */; };
		7777A83513E842D100D1C2AC /* 05_Blue_Face.png in Resources */ = {isa = PBXBuildFile; fileRef = 7777A83713E842D100D1C2AC /* 05_Blue_Face.png */; };
		7777A83A13E8437D00D1C2AC /* 06_Yellow_Face.png in Resources */ = {isa = PBXBuildFile; fileRef = 7777A83C13E8437D00D1C2AC /* 06_Yellow_Face.png */; };
		7777A83E13E8438700D1C2AC /* 07_GlowInTheDark_Face.png in Resources */ = {isa = PBXBuildFile; fileRef = 7777A84013E8438700D1C2AC /* 07_GlowInTheDark_Face.png */; };
		7777A84213E8439600D1C2AC /* 08_Gray_Face.png in Resources */ = {isa = PBXBuildFile; fileRef = 7777A84413E8439600D1C2AC /* 08_Gray_Face.png */; };
		7777A84613E843A600D1C2AC /* 09_Black_Face.png in Resources */ = {isa = PBXBuildFile; fileRef = 7777A84813E843A600D1C2AC /* 09_Black_Face.png */; };
		7777A84A13E843B100D1C2AC /* 10_Granite_Face.png in Resources */ = {isa = PBXBuildFile; fileRef = 7777A84C13E843B100D1C2AC /* 10_Granite_Face.png */; };
		7777A84E13E843BB00D1C2AC /* 11_Purple_Face.png in Resources */ = {isa = PBXBuildFile; fileRef = 7777A85013E843BB00D1C2AC /* 11_Purple_Face.png */; };
		77890D1613E44336009B6727 /* SelectCleanDateViewController.m in Sources */ = {isa = PBXBuildFile; fileRef = 77890D1413E44336009B6727 /* SelectCleanDateViewController.m */; };
		77890D1713E44336009B6727 /* SelectCleanDateViewController.xib in Resources */ = {isa = PBXBuildFile; fileRef = 77890D1513E44336009B6727 /* SelectCleanDateViewController.xib */; };
		778F59DF13D5C74200A9EE75 /* CleanDateViewController.m in Sources */ = {isa = PBXBuildFile; fileRef = 778F59DE13D5C74200A9EE75 /* CleanDateViewController.m */; };
		779FA5D013E6BADC00A3E72A /* 01_White_Body.png in Resources */ = {isa = PBXBuildFile; fileRef = 779FA5C513E6BADC00A3E72A /* 01_White_Body.png */; };
		779FA5D113E6BADC00A3E72A /* 02_Orange_Body.png in Resources */ = {isa = PBXBuildFile; fileRef = 779FA5C613E6BADC00A3E72A /* 02_Orange_Body.png */; };
		779FA5D213E6BADC00A3E72A /* 03_Green_Body.png in Resources */ = {isa = PBXBuildFile; fileRef = 779FA5C713E6BADC00A3E72A /* 03_Green_Body.png */; };
		779FA5D313E6BADC00A3E72A /* 04_Red_Body.png in Resources */ = {isa = PBXBuildFile; fileRef = 779FA5C813E6BADC00A3E72A /* 04_Red_Body.png */; };
		779FA5D413E6BADC00A3E72A /* 05_Blue_Body.png in Resources */ = {isa = PBXBuildFile; fileRef = 779FA5C913E6BADC00A3E72A /* 05_Blue_Body.png */; };
		779FA5D513E6BADC00A3E72A /* 06_Yellow_Body.png in Resources */ = {isa = PBXBuildFile; fileRef = 779FA5CA13E6BADC00A3E72A /* 06_Yellow_Body.png */; };
		779FA5D613E6BADC00A3E72A /* 07_GlowInTheDark_Body.png in Resources */ = {isa = PBXBuildFile; fileRef = 779FA5CB13E6BADC00A3E72A /* 07_GlowInTheDark_Body.png */; };
		779FA5D713E6BADC00A3E72A /* 08_Gray_Body.png in Resources */ = {isa = PBXBuildFile; fileRef = 779FA5CC13E6BADC00A3E72A /* 08_Gray_Body.png */; };
		779FA5D813E6BADC00A3E72A /* 09_Black_Body.png in Resources */ = {isa = PBXBuildFile; fileRef = 779FA5CD13E6BADC00A3E72A /* 09_Black_Body.png */; };
		779FA5D913E6BADC00A3E72A /* 10_Granite_Body.png in Resources */ = {isa = PBXBuildFile; fileRef = 779FA5CE13E6BADC00A3E72A /* 10_Granite_Body.png */; };
		779FA5DA13E6BADC00A3E72A /* 11_Purple_Body.png in Resources */ = {isa = PBXBuildFile; fileRef = 779FA5CF13E6BADC00A3E72A /* 11_Purple_Body.png */; };
		77A8F41A13D5AB2D00EA8E39 /* UIKit.framework in Frameworks */ = {isa = PBXBuildFile; fileRef = 77A8F41913D5AB2D00EA8E39 /* UIKit.framework */; };
		77A8F41C13D5AB2D00EA8E39 /* Foundation.framework in Frameworks */ = {isa = PBXBuildFile; fileRef = 77A8F41B13D5AB2D00EA8E39 /* Foundation.framework */; };
		77A8F41E13D5AB2D00EA8E39 /* CoreGraphics.framework in Frameworks */ = {isa = PBXBuildFile; fileRef = 77A8F41D13D5AB2D00EA8E39 /* CoreGraphics.framework */; };
		77A8F42713D5AB2D00EA8E39 /* main.m in Sources */ = {isa = PBXBuildFile; fileRef = 77A8F42613D5AB2D00EA8E39 /* main.m */; };
		77A8F42A13D5AB2D00EA8E39 /* NACCAppDelegate.m in Sources */ = {isa = PBXBuildFile; fileRef = 77A8F42913D5AB2D00EA8E39 /* NACCAppDelegate.m */; };
		77A8F43413D5AB2D00EA8E39 /* UIKit.framework in Frameworks */ = {isa = PBXBuildFile; fileRef = 77A8F41913D5AB2D00EA8E39 /* UIKit.framework */; };
		77A8F43513D5AB2D00EA8E39 /* Foundation.framework in Frameworks */ = {isa = PBXBuildFile; fileRef = 77A8F41B13D5AB2D00EA8E39 /* Foundation.framework */; };
		77A8F43613D5AB2D00EA8E39 /* CoreGraphics.framework in Frameworks */ = {isa = PBXBuildFile; fileRef = 77A8F41D13D5AB2D00EA8E39 /* CoreGraphics.framework */; };
		77A8F43E13D5AB2D00EA8E39 /* InfoPlist.strings in Resources */ = {isa = PBXBuildFile; fileRef = 77A8F43C13D5AB2D00EA8E39 /* InfoPlist.strings */; };
		77A8F44113D5AB2D00EA8E39 /* NACCTests.h in Resources */ = {isa = PBXBuildFile; fileRef = 77A8F44013D5AB2D00EA8E39 /* NACCTests.h */; };
		77A8F44313D5AB2D00EA8E39 /* NACCTests.m in Sources */ = {isa = PBXBuildFile; fileRef = 77A8F44213D5AB2D00EA8E39 /* NACCTests.m */; };
		77E0903D13D89A69003D67CD /* KeytagScrollerViewController.m in Sources */ = {isa = PBXBuildFile; fileRef = 77E0903C13D89A69003D67CD /* KeytagScrollerViewController.m */; };
		77F054C413D74EC500C75A98 /* KeyTagView.m in Sources */ = {isa = PBXBuildFile; fileRef = 77F054C313D74EC500C75A98 /* KeyTagView.m */; };
		77F998AC13E82AD5001D9EA9 /* CleanDateViewController.xib in Resources */ = {isa = PBXBuildFile; fileRef = 77F998AB13E82AD5001D9EA9 /* CleanDateViewController.xib */; };
		77FB877F13DDB17B00A11D9B /* InfoViewController.xib in Resources */ = {isa = PBXBuildFile; fileRef = 77FB877E13DDB17B00A11D9B /* InfoViewController.xib */; };
/* End PBXBuildFile section */

/* Begin PBXContainerItemProxy section */
		77A8F43713D5AB2D00EA8E39 /* PBXContainerItemProxy */ = {
			isa = PBXContainerItemProxy;
			containerPortal = 77A8F40C13D5AB2D00EA8E39 /* Project object */;
			proxyType = 1;
			remoteGlobalIDString = 77A8F41413D5AB2D00EA8E39;
			remoteInfo = NACC;
		};
/* End PBXContainerItemProxy section */

/* Begin PBXFileReference section */
		7706D5F013DC569900758E6F /* SettingsTableViewController.h */ = {isa = PBXFileReference; fileEncoding = 4; lastKnownFileType = sourcecode.c.h; path = SettingsTableViewController.h; sourceTree = "<group>"; };
		7706D5F113DC569900758E6F /* SettingsTableViewController.m */ = {isa = PBXFileReference; fileEncoding = 4; lastKnownFileType = sourcecode.c.objc; path = SettingsTableViewController.m; sourceTree = "<group>"; };
		7706D61213DC6D1600758E6F /* InfoViewController.h */ = {isa = PBXFileReference; fileEncoding = 4; lastKnownFileType = sourcecode.c.h; path = InfoViewController.h; sourceTree = "<group>"; };
		7706D61313DC6D1600758E6F /* InfoViewController.m */ = {isa = PBXFileReference; fileEncoding = 4; lastKnownFileType = sourcecode.c.objc; path = InfoViewController.m; sourceTree = "<group>"; };
		7706D61D13DC90F200758E6F /* SettingsTableViewController.xib */ = {isa = PBXFileReference; fileEncoding = 4; lastKnownFileType = file.xib; path = SettingsTableViewController.xib; sourceTree = "<group>"; };
		7710316013D7879700AE186F /* QuartzCore.framework */ = {isa = PBXFileReference; lastKnownFileType = wrapper.framework; name = QuartzCore.framework; path = System/Library/Frameworks/QuartzCore.framework; sourceTree = SDKROOT; };
		771C8AAD13E08DD9003B3341 /* LICENSE.txt */ = {isa = PBXFileReference; lastKnownFileType = text; name = LICENSE.txt; path = ../../../LICENSE.txt; sourceTree = "<group>"; };
		771C8AAE13E08DD9003B3341 /* README */ = {isa = PBXFileReference; lastKnownFileType = text; name = README; path = ../../../README; sourceTree = "<group>"; };
		7738020513E827CD00EEFF56 /* MainWindow.xib */ = {isa = PBXFileReference; lastKnownFileType = file.xib; path = MainWindow.xib; sourceTree = "<group>"; };
		7741E06013E0488C002E7C7F /* BeanieBack.png */ = {isa = PBXFileReference; lastKnownFileType = image.png; path = BeanieBack.png; sourceTree = "<group>"; };
		7741E06113E0488C002E7C7F /* BlueBeanie.png */ = {isa = PBXFileReference; lastKnownFileType = image.png; path = BlueBeanie.png; sourceTree = "<group>"; };
		7741E06313E0488C002E7C7F /* ClosedRing_320.png */ = {isa = PBXFileReference; lastKnownFileType = image.png; path = ClosedRing_320.png; sourceTree = "<group>"; };
		7741E06413E0488C002E7C7F /* Default-Landscape~ipad.png */ = {isa = PBXFileReference; lastKnownFileType = image.png; path = "Default-Landscape~ipad.png"; sourceTree = "<group>"; };
		7741E06513E0488C002E7C7F /* Default-Portrait~ipad.png */ = {isa = PBXFileReference; lastKnownFileType = image.png; path = "Default-Portrait~ipad.png"; sourceTree = "<group>"; };
		7741E06613E0488C002E7C7F /* Default.png */ = {isa = PBXFileReference; lastKnownFileType = image.png; path = Default.png; sourceTree = "<group>"; };
		7741E06713E0488C002E7C7F /* Default@2x.png */ = {isa = PBXFileReference; lastKnownFileType = image.png; path = "Default@2x.png"; sourceTree = "<group>"; };
		7741E06813E0488C002E7C7F /* icon.png */ = {isa = PBXFileReference; lastKnownFileType = image.png; path = icon.png; sourceTree = "<group>"; };
		7741E06913E0488C002E7C7F /* icon@2x.png */ = {isa = PBXFileReference; lastKnownFileType = image.png; path = "icon@2x.png"; sourceTree = "<group>"; };
		7741E06A13E0488C002E7C7F /* icon@iPad.png */ = {isa = PBXFileReference; lastKnownFileType = image.png; path = "icon@iPad.png"; sourceTree = "<group>"; };
		7741E06B13E0488C002E7C7F /* InfoButton.png */ = {isa = PBXFileReference; lastKnownFileType = image.png; path = InfoButton.png; sourceTree = "<group>"; };
		7741E06C13E0488C002E7C7F /* InfoButton@2x.png */ = {isa = PBXFileReference; lastKnownFileType = image.png; path = "InfoButton@2x.png"; sourceTree = "<group>"; };
		7741E06D13E0488C002E7C7F /* MAGSHAREBadge.png */ = {isa = PBXFileReference; lastKnownFileType = image.png; path = MAGSHAREBadge.png; sourceTree = "<group>"; };
		7741E06F13E0488C002E7C7F /* OpenRing_320.png */ = {isa = PBXFileReference; lastKnownFileType = image.png; path = OpenRing_320.png; sourceTree = "<group>"; };
		7741E07013E0488C002E7C7F /* Prefs.png */ = {isa = PBXFileReference; lastKnownFileType = image.png; path = Prefs.png; sourceTree = "<group>"; };
		7741E07113E0488C002E7C7F /* Prefs@2x.png */ = {isa = PBXFileReference; lastKnownFileType = image.png; path = "Prefs@2x.png"; sourceTree = "<group>"; };
		7741E07213E0488C002E7C7F /* ResetButton.png */ = {isa = PBXFileReference; lastKnownFileType = image.png; path = ResetButton.png; sourceTree = "<group>"; };
		7741E07313E0488C002E7C7F /* ResetButton@2x.png */ = {isa = PBXFileReference; lastKnownFileType = image.png; path = "ResetButton@2x.png"; sourceTree = "<group>"; };
		7741E07413E0488C002E7C7F /* Shadow.png */ = {isa = PBXFileReference; lastKnownFileType = image.png; path = Shadow.png; sourceTree = "<group>"; };
		7741E07513E0488C002E7C7F /* Time.png */ = {isa = PBXFileReference; lastKnownFileType = image.png; path = Time.png; sourceTree = "<group>"; };
		7741E07613E0488C002E7C7F /* Time@2x.png */ = {isa = PBXFileReference; lastKnownFileType = image.png; path = "Time@2x.png"; sourceTree = "<group>"; };
		774501E713E8661A001A3E14 /* NACC-Info.plist */ = {isa = PBXFileReference; fileEncoding = 4; lastKnownFileType = text.plist.xml; path = "NACC-Info.plist"; sourceTree = "<group>"; };
		774501EA13E86739001A3E14 /* InfoPlist.strings */ = {isa = PBXFileReference; fileEncoding = 4; lastKnownFileType = text.plist.strings; path = InfoPlist.strings; sourceTree = "<group>"; };
		774501EF13E86748001A3E14 /* en */ = {isa = PBXFileReference; lastKnownFileType = text.plist.strings; name = en; path = en.lproj/Localizable.strings; sourceTree = "<group>"; };
		774D48DA145590D900EE8D55 /* sv */ = {isa = PBXFileReference; lastKnownFileType = image.png; name = sv; path = sv.lproj/01_White_Face.png; sourceTree = "<group>"; };
		774D48DC145590E300EE8D55 /* sv */ = {isa = PBXFileReference; lastKnownFileType = image.png; name = sv; path = sv.lproj/02_Orange_Face.png; sourceTree = "<group>"; };
		774D48DD145590EC00EE8D55 /* sv */ = {isa = PBXFileReference; lastKnownFileType = image.png; name = sv; path = sv.lproj/03_Green_Face.png; sourceTree = "<group>"; };
		774D48DE145590FE00EE8D55 /* sv */ = {isa = PBXFileReference; lastKnownFileType = image.png; name = sv; path = sv.lproj/04_Red_Face.png; sourceTree = "<group>"; };
		774D48DF1455910200EE8D55 /* sv */ = {isa = PBXFileReference; lastKnownFileType = image.png; name = sv; path = sv.lproj/05_Blue_Face.png; sourceTree = "<group>"; };
		774D48E01455919100EE8D55 /* sv */ = {isa = PBXFileReference; lastKnownFileType = image.png; name = sv; path = sv.lproj/06_Yellow_Face.png; sourceTree = "<group>"; };
		774D48E1145591A000EE8D55 /* sv */ = {isa = PBXFileReference; lastKnownFileType = image.png; name = sv; path = sv.lproj/08_Gray_Face.png; sourceTree = "<group>"; };
		774D48E2145591A500EE8D55 /* sv */ = {isa = PBXFileReference; lastKnownFileType = image.png; name = sv; path = sv.lproj/09_Black_Face.png; sourceTree = "<group>"; };
		7777A81313E8422E00D1C2AC /* en */ = {isa = PBXFileReference; lastKnownFileType = image.png; name = en; path = en.lproj/01_White_Face.png; sourceTree = "<group>"; };
		7777A82B13E8428100D1C2AC /* en */ = {isa = PBXFileReference; lastKnownFileType = image.png; name = en; path = en.lproj/02_Orange_Face.png; sourceTree = "<group>"; };
		7777A82F13E8429C00D1C2AC /* en */ = {isa = PBXFileReference; lastKnownFileType = image.png; name = en; path = en.lproj/03_Green_Face.png; sourceTree = "<group>"; };
		7777A83313E842A900D1C2AC /* en */ = {isa = PBXFileReference; lastKnownFileType = image.png; name = en; path = en.lproj/04_Red_Face.png; sourceTree = "<group>"; };
		7777A83613E842D100D1C2AC /* en */ = {isa = PBXFileReference; lastKnownFileType = image.png; name = en; path = en.lproj/05_Blue_Face.png; sourceTree = "<group>"; };
		7777A83B13E8437D00D1C2AC /* en */ = {isa = PBXFileReference; lastKnownFileType = image.png; name = en; path = en.lproj/06_Yellow_Face.png; sourceTree = "<group>"; };
		7777A83F13E8438700D1C2AC /* en */ = {isa = PBXFileReference; lastKnownFileType = image.png; name = en; path = en.lproj/07_GlowInTheDark_Face.png; sourceTree = "<group>"; };
		7777A84313E8439600D1C2AC /* en */ = {isa = PBXFileReference; lastKnownFileType = image.png; name = en; path = en.lproj/08_Gray_Face.png; sourceTree = "<group>"; };
		7777A84713E843A600D1C2AC /* en */ = {isa = PBXFileReference; lastKnownFileType = image.png; name = en; path = en.lproj/09_Black_Face.png; sourceTree = "<group>"; };
		7777A84B13E843B100D1C2AC /* en */ = {isa = PBXFileReference; lastKnownFileType = image.png; name = en; path = en.lproj/10_Granite_Face.png; sourceTree = "<group>"; };
		7777A84F13E843BB00D1C2AC /* en */ = {isa = PBXFileReference; lastKnownFileType = image.png; name = en; path = en.lproj/11_Purple_Face.png; sourceTree = "<group>"; };
		777CDFEF14502DB400B838B7 /* sv */ = {isa = PBXFileReference; lastKnownFileType = text.plist.strings; name = sv; path = sv.lproj/Localizable.strings; sourceTree = "<group>"; };
		777F0A0B13DC9F3D00610451 /* Settings.h */ = {isa = PBXFileReference; fileEncoding = 4; lastKnownFileType = sourcecode.c.h; path = Settings.h; sourceTree = "<group>"; };
		7782EB0913F8A271000C8E3F /* fa */ = {isa = PBXFileReference; lastKnownFileType = text.plist.strings; name = fa; path = fa.lproj/Localizable.strings; sourceTree = "<group>"; };
		7782EB0C13F8A2B0000C8E3F /* fa */ = {isa = PBXFileReference; lastKnownFileType = image.png; name = fa; path = fa.lproj/01_White_Face.png; sourceTree = "<group>"; };
		7782EB0E13F8A2BE000C8E3F /* fa */ = {isa = PBXFileReference; lastKnownFileType = image.png; name = fa; path = fa.lproj/02_Orange_Face.png; sourceTree = "<group>"; };
		7782EB1013F8A2E6000C8E3F /* fa */ = {isa = PBXFileReference; lastKnownFileType = image.png; name = fa; path = fa.lproj/03_Green_Face.png; sourceTree = "<group>"; };
		7782EB1213F8A2F1000C8E3F /* fa */ = {isa = PBXFileReference; lastKnownFileType = image.png; name = fa; path = fa.lproj/04_Red_Face.png; sourceTree = "<group>"; };
		7782EB1513F8A2FF000C8E3F /* fa */ = {isa = PBXFileReference; lastKnownFileType = image.png; name = fa; path = fa.lproj/05_Blue_Face.png; sourceTree = "<group>"; };
		7782EB1613F8A309000C8E3F /* fa */ = {isa = PBXFileReference; lastKnownFileType = image.png; name = fa; path = fa.lproj/06_Yellow_Face.png; sourceTree = "<group>"; };
		7782EB1813F8A313000C8E3F /* fa */ = {isa = PBXFileReference; lastKnownFileType = image.png; name = fa; path = fa.lproj/07_GlowInTheDark_Face.png; sourceTree = "<group>"; };
		7782EB1A13F8A31F000C8E3F /* fa */ = {isa = PBXFileReference; lastKnownFileType = image.png; name = fa; path = fa.lproj/08_Gray_Face.png; sourceTree = "<group>"; };
		7782EB1C13F8A330000C8E3F /* fa */ = {isa = PBXFileReference; lastKnownFileType = image.png; name = fa; path = fa.lproj/09_Black_Face.png; sourceTree = "<group>"; };
		77890D1313E44336009B6727 /* SelectCleanDateViewController.h */ = {isa = PBXFileReference; fileEncoding = 4; lastKnownFileType = sourcecode.c.h; path = SelectCleanDateViewController.h; sourceTree = "<group>"; };
		77890D1413E44336009B6727 /* SelectCleanDateViewController.m */ = {isa = PBXFileReference; fileEncoding = 4; lastKnownFileType = sourcecode.c.objc; path = SelectCleanDateViewController.m; sourceTree = "<group>"; };
		77890D1513E44336009B6727 /* SelectCleanDateViewController.xib */ = {isa = PBXFileReference; fileEncoding = 4; lastKnownFileType = file.xib; path = SelectCleanDateViewController.xib; sourceTree = "<group>"; };
		778F59DD13D5C74200A9EE75 /* CleanDateViewController.h */ = {isa = PBXFileReference; fileEncoding = 4; lastKnownFileType = sourcecode.c.h; path = CleanDateViewController.h; sourceTree = "<group>"; };
		778F59DE13D5C74200A9EE75 /* CleanDateViewController.m */ = {isa = PBXFileReference; fileEncoding = 4; lastKnownFileType = sourcecode.c.objc; path = CleanDateViewController.m; sourceTree = "<group>"; };
		779FA5C513E6BADC00A3E72A /* 01_White_Body.png */ = {isa = PBXFileReference; lastKnownFileType = image.png; path = 01_White_Body.png; sourceTree = "<group>"; };
		779FA5C613E6BADC00A3E72A /* 02_Orange_Body.png */ = {isa = PBXFileReference; lastKnownFileType = image.png; path = 02_Orange_Body.png; sourceTree = "<group>"; };
		779FA5C713E6BADC00A3E72A /* 03_Green_Body.png */ = {isa = PBXFileReference; lastKnownFileType = image.png; path = 03_Green_Body.png; sourceTree = "<group>"; };
		779FA5C813E6BADC00A3E72A /* 04_Red_Body.png */ = {isa = PBXFileReference; lastKnownFileType = image.png; path = 04_Red_Body.png; sourceTree = "<group>"; };
		779FA5C913E6BADC00A3E72A /* 05_Blue_Body.png */ = {isa = PBXFileReference; lastKnownFileType = image.png; path = 05_Blue_Body.png; sourceTree = "<group>"; };
		779FA5CA13E6BADC00A3E72A /* 06_Yellow_Body.png */ = {isa = PBXFileReference; lastKnownFileType = image.png; path = 06_Yellow_Body.png; sourceTree = "<group>"; };
		779FA5CB13E6BADC00A3E72A /* 07_GlowInTheDark_Body.png */ = {isa = PBXFileReference; lastKnownFileType = image.png; path = 07_GlowInTheDark_Body.png; sourceTree = "<group>"; };
		779FA5CC13E6BADC00A3E72A /* 08_Gray_Body.png */ = {isa = PBXFileReference; lastKnownFileType = image.png; path = 08_Gray_Body.png; sourceTree = "<group>"; };
		779FA5CD13E6BADC00A3E72A /* 09_Black_Body.png */ = {isa = PBXFileReference; lastKnownFileType = image.png; path = 09_Black_Body.png; sourceTree = "<group>"; };
		779FA5CE13E6BADC00A3E72A /* 10_Granite_Body.png */ = {isa = PBXFileReference; lastKnownFileType = image.png; path = 10_Granite_Body.png; sourceTree = "<group>"; };
		779FA5CF13E6BADC00A3E72A /* 11_Purple_Body.png */ = {isa = PBXFileReference; lastKnownFileType = image.png; path = 11_Purple_Body.png; sourceTree = "<group>"; };
		77A8F41513D5AB2D00EA8E39 /* NACC.app */ = {isa = PBXFileReference; explicitFileType = wrapper.application; includeInIndex = 0; path = NACC.app; sourceTree = BUILT_PRODUCTS_DIR; };
		77A8F41913D5AB2D00EA8E39 /* UIKit.framework */ = {isa = PBXFileReference; lastKnownFileType = wrapper.framework; name = UIKit.framework; path = System/Library/Frameworks/UIKit.framework; sourceTree = SDKROOT; };
		77A8F41B13D5AB2D00EA8E39 /* Foundation.framework */ = {isa = PBXFileReference; lastKnownFileType = wrapper.framework; name = Foundation.framework; path = System/Library/Frameworks/Foundation.framework; sourceTree = SDKROOT; };
		77A8F41D13D5AB2D00EA8E39 /* CoreGraphics.framework */ = {isa = PBXFileReference; lastKnownFileType = wrapper.framework; name = CoreGraphics.framework; path = System/Library/Frameworks/CoreGraphics.framework; sourceTree = SDKROOT; };
		77A8F42513D5AB2D00EA8E39 /* NACC-Prefix.pch */ = {isa = PBXFileReference; lastKnownFileType = sourcecode.c.h; path = "NACC-Prefix.pch"; sourceTree = "<group>"; };
		77A8F42613D5AB2D00EA8E39 /* main.m */ = {isa = PBXFileReference; lastKnownFileType = sourcecode.c.objc; path = main.m; sourceTree = "<group>"; };
		77A8F42913D5AB2D00EA8E39 /* NACCAppDelegate.m */ = {isa = PBXFileReference; lastKnownFileType = sourcecode.c.objc; path = NACCAppDelegate.m; sourceTree = "<group>"; };
		77A8F43313D5AB2D00EA8E39 /* NACCTests.octest */ = {isa = PBXFileReference; explicitFileType = wrapper.cfbundle; includeInIndex = 0; path = NACCTests.octest; sourceTree = BUILT_PRODUCTS_DIR; };
		77A8F43B13D5AB2D00EA8E39 /* NACCTests-Info.plist */ = {isa = PBXFileReference; lastKnownFileType = text.plist.xml; path = "NACCTests-Info.plist"; sourceTree = "<group>"; };
		77A8F43D13D5AB2D00EA8E39 /* en */ = {isa = PBXFileReference; lastKnownFileType = text.plist.strings; name = en; path = en.lproj/InfoPlist.strings; sourceTree = "<group>"; };
		77A8F43F13D5AB2D00EA8E39 /* NACCTests-Prefix.pch */ = {isa = PBXFileReference; lastKnownFileType = sourcecode.c.h; path = "NACCTests-Prefix.pch"; sourceTree = "<group>"; };
		77A8F44013D5AB2D00EA8E39 /* NACCTests.h */ = {isa = PBXFileReference; lastKnownFileType = sourcecode.c.h; path = NACCTests.h; sourceTree = "<group>"; };
		77A8F44213D5AB2D00EA8E39 /* NACCTests.m */ = {isa = PBXFileReference; lastKnownFileType = sourcecode.c.objc; path = NACCTests.m; sourceTree = "<group>"; };
		77E0903B13D89A69003D67CD /* KeytagScrollerViewController.h */ = {isa = PBXFileReference; fileEncoding = 4; lastKnownFileType = sourcecode.c.h; path = KeytagScrollerViewController.h; sourceTree = "<group>"; };
		77E0903C13D89A69003D67CD /* KeytagScrollerViewController.m */ = {isa = PBXFileReference; fileEncoding = 4; lastKnownFileType = sourcecode.c.objc; path = KeytagScrollerViewController.m; sourceTree = "<group>"; };
		77E166D513F1816C00113DDA /* NACCAppDelegate.h */ = {isa = PBXFileReference; fileEncoding = 4; lastKnownFileType = sourcecode.c.h; path = NACCAppDelegate.h; sourceTree = "<group>"; };
		77F054C213D74EC500C75A98 /* KeyTagView.h */ = {isa = PBXFileReference; fileEncoding = 4; lastKnownFileType = sourcecode.c.h; path = KeyTagView.h; sourceTree = "<group>"; };
		77F054C313D74EC500C75A98 /* KeyTagView.m */ = {isa = PBXFileReference; fileEncoding = 4; lastKnownFileType = sourcecode.c.objc; path = KeyTagView.m; sourceTree = "<group>"; };
		77F998AB13E82AD5001D9EA9 /* CleanDateViewController.xib */ = {isa = PBXFileReference; fileEncoding = 4; lastKnownFileType = file.xib; path = CleanDateViewController.xib; sourceTree = "<group>"; };
		77FB877E13DDB17B00A11D9B /* InfoViewController.xib */ = {isa = PBXFileReference; fileEncoding = 4; lastKnownFileType = file.xib; path = InfoViewController.xib; sourceTree = "<group>"; };
/* End PBXFileReference section */

/* Begin PBXFrameworksBuildPhase section */
		77A8F41213D5AB2D00EA8E39 /* Frameworks */ = {
			isa = PBXFrameworksBuildPhase;
			buildActionMask = 2147483647;
			files = (
				7710316113D7879700AE186F /* QuartzCore.framework in Frameworks */,
				77A8F41A13D5AB2D00EA8E39 /* UIKit.framework in Frameworks */,
				77A8F41C13D5AB2D00EA8E39 /* Foundation.framework in Frameworks */,
				77A8F41E13D5AB2D00EA8E39 /* CoreGraphics.framework in Frameworks */,
			);
			runOnlyForDeploymentPostprocessing = 0;
		};
		77A8F42F13D5AB2D00EA8E39 /* Frameworks */ = {
			isa = PBXFrameworksBuildPhase;
			buildActionMask = 2147483647;
			files = (
				77A8F43413D5AB2D00EA8E39 /* UIKit.framework in Frameworks */,
				77A8F43513D5AB2D00EA8E39 /* Foundation.framework in Frameworks */,
				77A8F43613D5AB2D00EA8E39 /* CoreGraphics.framework in Frameworks */,
			);
			runOnlyForDeploymentPostprocessing = 0;
		};
/* End PBXFrameworksBuildPhase section */

/* Begin PBXGroup section */
		7701AE3D13E4D113009FDE65 /* Keytag Display */ = {
			isa = PBXGroup;
			children = (
				77E0903B13D89A69003D67CD /* KeytagScrollerViewController.h */,
				77E0903C13D89A69003D67CD /* KeytagScrollerViewController.m */,
				77F054C213D74EC500C75A98 /* KeyTagView.h */,
				77F054C313D74EC500C75A98 /* KeyTagView.m */,
			);
			name = "Keytag Display";
			sourceTree = "<group>";
		};
		7701AE3F13E4D1A6009FDE65 /* Cleantime Window */ = {
			isa = PBXGroup;
			children = (
				7741E08F13E0494E002E7C7F /* Cleantime Display */,
				7701AE3D13E4D113009FDE65 /* Keytag Display */,
				77890D1D13E46D3D009B6727 /* Enter Cleantime Modal Dialog */,
			);
			name = "Cleantime Window";
			sourceTree = "<group>";
		};
		7741E05F13E0488C002E7C7F /* images */ = {
			isa = PBXGroup;
			children = (
				7741E06D13E0488C002E7C7F /* MAGSHAREBadge.png */,
				7741E07213E0488C002E7C7F /* ResetButton.png */,
				7741E07313E0488C002E7C7F /* ResetButton@2x.png */,
				7741E07413E0488C002E7C7F /* Shadow.png */,
				779F41F413E8453500304F54 /* Tag Faces (Localized) */,
				779FA5C413E6BADC00A3E72A /* Tag_Bodies */,
				779F41F913E845C900304F54 /* Fob Ring */,
				779F41F713E8457200304F54 /* Screenshots */,
				779F41F613E8455C00304F54 /* Backgrounds */,
				779F41F813E845A200304F54 /* App Icons */,
				779F41FA13E845F000304F54 /* Tab Bar Icons */,
			);
			path = images;
			sourceTree = "<group>";
		};
		7741E08E13E04893002E7C7F /* Supporting Files */ = {
			isa = PBXGroup;
			children = (
				7741E05F13E0488C002E7C7F /* images */,
				77A8F42613D5AB2D00EA8E39 /* main.m */,
				774501EA13E86739001A3E14 /* InfoPlist.strings */,
				774501F013E86748001A3E14 /* Localizable.strings */,
				774501E713E8661A001A3E14 /* NACC-Info.plist */,
				77A8F42513D5AB2D00EA8E39 /* NACC-Prefix.pch */,
				7738020513E827CD00EEFF56 /* MainWindow.xib */,
				771C8AAD13E08DD9003B3341 /* LICENSE.txt */,
				771C8AAE13E08DD9003B3341 /* README */,
			);
			name = "Supporting Files";
			sourceTree = "<group>";
		};
		7741E08F13E0494E002E7C7F /* Cleantime Display */ = {
			isa = PBXGroup;
			children = (
				778F59DD13D5C74200A9EE75 /* CleanDateViewController.h */,
				778F59DE13D5C74200A9EE75 /* CleanDateViewController.m */,
				77F998AB13E82AD5001D9EA9 /* CleanDateViewController.xib */,
			);
			name = "Cleantime Display";
			sourceTree = "<group>";
		};
		7741E09013E04964002E7C7F /* Settings Window */ = {
			isa = PBXGroup;
			children = (
				777F0A0B13DC9F3D00610451 /* Settings.h */,
				7706D5F013DC569900758E6F /* SettingsTableViewController.h */,
				7706D5F113DC569900758E6F /* SettingsTableViewController.m */,
				7706D61D13DC90F200758E6F /* SettingsTableViewController.xib */,
			);
			name = "Settings Window";
			sourceTree = "<group>";
		};
		7741E09113E04977002E7C7F /* Info Window */ = {
			isa = PBXGroup;
			children = (
				7706D61213DC6D1600758E6F /* InfoViewController.h */,
				7706D61313DC6D1600758E6F /* InfoViewController.m */,
				77FB877E13DDB17B00A11D9B /* InfoViewController.xib */,
			);
			name = "Info Window";
			sourceTree = "<group>";
		};
		776F33BE13E062FD00588F1C /* Application Delegate */ = {
			isa = PBXGroup;
			children = (
				77E166D513F1816C00113DDA /* NACCAppDelegate.h */,
				77A8F42913D5AB2D00EA8E39 /* NACCAppDelegate.m */,
			);
			name = "Application Delegate";
			sourceTree = "<group>";
		};
		77890D1D13E46D3D009B6727 /* Enter Cleantime Modal Dialog */ = {
			isa = PBXGroup;
			children = (
				77890D1313E44336009B6727 /* SelectCleanDateViewController.h */,
				77890D1413E44336009B6727 /* SelectCleanDateViewController.m */,
				77890D1513E44336009B6727 /* SelectCleanDateViewController.xib */,
			);
			name = "Enter Cleantime Modal Dialog";
			sourceTree = "<group>";
		};
		779F41F413E8453500304F54 /* Tag Faces (Localized) */ = {
			isa = PBXGroup;
			children = (
				7777A81413E8422E00D1C2AC /* 01_White_Face.png */,
				7777A82C13E8428100D1C2AC /* 02_Orange_Face.png */,
				7777A83013E8429C00D1C2AC /* 03_Green_Face.png */,
				7777A83413E842A900D1C2AC /* 04_Red_Face.png */,
				7777A83713E842D100D1C2AC /* 05_Blue_Face.png */,
				7777A83C13E8437D00D1C2AC /* 06_Yellow_Face.png */,
				7777A84013E8438700D1C2AC /* 07_GlowInTheDark_Face.png */,
				7777A84413E8439600D1C2AC /* 08_Gray_Face.png */,
				7777A84813E843A600D1C2AC /* 09_Black_Face.png */,
				7777A84C13E843B100D1C2AC /* 10_Granite_Face.png */,
				7777A85013E843BB00D1C2AC /* 11_Purple_Face.png */,
			);
			name = "Tag Faces (Localized)";
			sourceTree = "<group>";
		};
		779F41F613E8455C00304F54 /* Backgrounds */ = {
			isa = PBXGroup;
			children = (
				7741E06013E0488C002E7C7F /* BeanieBack.png */,
				7741E06113E0488C002E7C7F /* BlueBeanie.png */,
			);
			name = Backgrounds;
			sourceTree = "<group>";
		};
		779F41F713E8457200304F54 /* Screenshots */ = {
			isa = PBXGroup;
			children = (
				7741E06413E0488C002E7C7F /* Default-Landscape~ipad.png */,
				7741E06513E0488C002E7C7F /* Default-Portrait~ipad.png */,
				7741E06613E0488C002E7C7F /* Default.png */,
				7741E06713E0488C002E7C7F /* Default@2x.png */,
			);
			name = Screenshots;
			sourceTree = "<group>";
		};
		779F41F813E845A200304F54 /* App Icons */ = {
			isa = PBXGroup;
			children = (
				7741E06813E0488C002E7C7F /* icon.png */,
				7741E06913E0488C002E7C7F /* icon@2x.png */,
				7741E06A13E0488C002E7C7F /* icon@iPad.png */,
			);
			name = "App Icons";
			sourceTree = "<group>";
		};
		779F41F913E845C900304F54 /* Fob Ring */ = {
			isa = PBXGroup;
			children = (
				7741E06313E0488C002E7C7F /* ClosedRing_320.png */,
				7741E06F13E0488C002E7C7F /* OpenRing_320.png */,
			);
			name = "Fob Ring";
			sourceTree = "<group>";
		};
		779F41FA13E845F000304F54 /* Tab Bar Icons */ = {
			isa = PBXGroup;
			children = (
				7741E06B13E0488C002E7C7F /* InfoButton.png */,
				7741E06C13E0488C002E7C7F /* InfoButton@2x.png */,
				7741E07013E0488C002E7C7F /* Prefs.png */,
				7741E07113E0488C002E7C7F /* Prefs@2x.png */,
				7741E07513E0488C002E7C7F /* Time.png */,
				7741E07613E0488C002E7C7F /* Time@2x.png */,
			);
			name = "Tab Bar Icons";
			sourceTree = "<group>";
		};
		779FA5C413E6BADC00A3E72A /* Tag_Bodies */ = {
			isa = PBXGroup;
			children = (
				779FA5C513E6BADC00A3E72A /* 01_White_Body.png */,
				779FA5C613E6BADC00A3E72A /* 02_Orange_Body.png */,
				779FA5C713E6BADC00A3E72A /* 03_Green_Body.png */,
				779FA5C813E6BADC00A3E72A /* 04_Red_Body.png */,
				779FA5C913E6BADC00A3E72A /* 05_Blue_Body.png */,
				779FA5CA13E6BADC00A3E72A /* 06_Yellow_Body.png */,
				779FA5CB13E6BADC00A3E72A /* 07_GlowInTheDark_Body.png */,
				779FA5CC13E6BADC00A3E72A /* 08_Gray_Body.png */,
				779FA5CD13E6BADC00A3E72A /* 09_Black_Body.png */,
				779FA5CE13E6BADC00A3E72A /* 10_Granite_Body.png */,
				779FA5CF13E6BADC00A3E72A /* 11_Purple_Body.png */,
			);
			path = Tag_Bodies;
			sourceTree = "<group>";
		};
		77A8F40A13D5AB2D00EA8E39 = {
			isa = PBXGroup;
			children = (
				77A8F41F13D5AB2D00EA8E39 /* NACC */,
				77A8F43913D5AB2D00EA8E39 /* NACCTests */,
				77A8F41813D5AB2D00EA8E39 /* Frameworks */,
				77A8F41613D5AB2D00EA8E39 /* Products */,
			);
			sourceTree = "<group>";
		};
		77A8F41613D5AB2D00EA8E39 /* Products */ = {
			isa = PBXGroup;
			children = (
				77A8F41513D5AB2D00EA8E39 /* NACC.app */,
				77A8F43313D5AB2D00EA8E39 /* NACCTests.octest */,
			);
			name = Products;
			sourceTree = "<group>";
		};
		77A8F41813D5AB2D00EA8E39 /* Frameworks */ = {
			isa = PBXGroup;
			children = (
				7710316013D7879700AE186F /* QuartzCore.framework */,
				77A8F41913D5AB2D00EA8E39 /* UIKit.framework */,
				77A8F41B13D5AB2D00EA8E39 /* Foundation.framework */,
				77A8F41D13D5AB2D00EA8E39 /* CoreGraphics.framework */,
			);
			name = Frameworks;
			sourceTree = "<group>";
		};
		77A8F41F13D5AB2D00EA8E39 /* NACC */ = {
			isa = PBXGroup;
			children = (
				776F33BE13E062FD00588F1C /* Application Delegate */,
				7701AE3F13E4D1A6009FDE65 /* Cleantime Window */,
				7741E09013E04964002E7C7F /* Settings Window */,
				7741E09113E04977002E7C7F /* Info Window */,
				7741E08E13E04893002E7C7F /* Supporting Files */,
			);
			path = NACC;
			sourceTree = "<group>";
		};
		77A8F43913D5AB2D00EA8E39 /* NACCTests */ = {
			isa = PBXGroup;
			children = (
				77A8F44013D5AB2D00EA8E39 /* NACCTests.h */,
				77A8F44213D5AB2D00EA8E39 /* NACCTests.m */,
				77A8F43A13D5AB2D00EA8E39 /* Supporting Files */,
			);
			path = NACCTests;
			sourceTree = "<group>";
		};
		77A8F43A13D5AB2D00EA8E39 /* Supporting Files */ = {
			isa = PBXGroup;
			children = (
				77A8F43B13D5AB2D00EA8E39 /* NACCTests-Info.plist */,
				77A8F43C13D5AB2D00EA8E39 /* InfoPlist.strings */,
				77A8F43F13D5AB2D00EA8E39 /* NACCTests-Prefix.pch */,
			);
			name = "Supporting Files";
			sourceTree = "<group>";
		};
/* End PBXGroup section */

/* Begin PBXNativeTarget section */
		77A8F41413D5AB2D00EA8E39 /* NACC */ = {
			isa = PBXNativeTarget;
			buildConfigurationList = 77A8F44613D5AB2D00EA8E39 /* Build configuration list for PBXNativeTarget "NACC" */;
			buildPhases = (
				77A8F41113D5AB2D00EA8E39 /* Sources */,
				77A8F41213D5AB2D00EA8E39 /* Frameworks */,
				77A8F41313D5AB2D00EA8E39 /* Resources */,
			);
			buildRules = (
			);
			dependencies = (
			);
			name = NACC;
			productName = NACC;
			productReference = 77A8F41513D5AB2D00EA8E39 /* NACC.app */;
			productType = "com.apple.product-type.application";
		};
		77A8F43213D5AB2D00EA8E39 /* NACCTests */ = {
			isa = PBXNativeTarget;
			buildConfigurationList = 77A8F44913D5AB2D00EA8E39 /* Build configuration list for PBXNativeTarget "NACCTests" */;
			buildPhases = (
				77A8F42E13D5AB2D00EA8E39 /* Sources */,
				77A8F42F13D5AB2D00EA8E39 /* Frameworks */,
				77A8F43013D5AB2D00EA8E39 /* Resources */,
				77A8F43113D5AB2D00EA8E39 /* ShellScript */,
			);
			buildRules = (
			);
			dependencies = (
				77A8F43813D5AB2D00EA8E39 /* PBXTargetDependency */,
			);
			name = NACCTests;
			productName = NACCTests;
			productReference = 77A8F43313D5AB2D00EA8E39 /* NACCTests.octest */;
			productType = "com.apple.product-type.bundle";
		};
/* End PBXNativeTarget section */

/* Begin PBXProject section */
		77A8F40C13D5AB2D00EA8E39 /* Project object */ = {
			isa = PBXProject;
			attributes = {
				LastUpgradeCheck = 0420;
			};
			buildConfigurationList = 77A8F40F13D5AB2D00EA8E39 /* Build configuration list for PBXProject "NACC" */;
			compatibilityVersion = "Xcode 3.2";
			developmentRegion = English;
			hasScannedForEncodings = 0;
			knownRegions = (
				en,
				fa,
				"fa-IR",
				"fa-AF",
				sv,
			);
			mainGroup = 77A8F40A13D5AB2D00EA8E39;
			productRefGroup = 77A8F41613D5AB2D00EA8E39 /* Products */;
			projectDirPath = "";
			projectRoot = "";
			targets = (
				77A8F41413D5AB2D00EA8E39 /* NACC */,
				77A8F43213D5AB2D00EA8E39 /* NACCTests */,
			);
		};
/* End PBXProject section */

/* Begin PBXResourcesBuildPhase section */
		77A8F41313D5AB2D00EA8E39 /* Resources */ = {
			isa = PBXResourcesBuildPhase;
			buildActionMask = 2147483647;
			files = (
				7738020413E827CD00EEFF56 /* MainWindow.xib in Resources */,
				77F998AC13E82AD5001D9EA9 /* CleanDateViewController.xib in Resources */,
				77890D1713E44336009B6727 /* SelectCleanDateViewController.xib in Resources */,
				7706D61E13DC90F200758E6F /* SettingsTableViewController.xib in Resources */,
				77FB877F13DDB17B00A11D9B /* InfoViewController.xib in Resources */,
				7741E07713E0488C002E7C7F /* BeanieBack.png in Resources */,
				7741E07813E0488C002E7C7F /* BlueBeanie.png in Resources */,
				7741E07A13E0488C002E7C7F /* ClosedRing_320.png in Resources */,
				7741E07B13E0488C002E7C7F /* Default-Landscape~ipad.png in Resources */,
				7741E07C13E0488C002E7C7F /* Default-Portrait~ipad.png in Resources */,
				7741E07D13E0488C002E7C7F /* Default.png in Resources */,
				7741E07E13E0488C002E7C7F /* Default@2x.png in Resources */,
				7741E07F13E0488C002E7C7F /* icon.png in Resources */,
				7741E08013E0488C002E7C7F /* icon@2x.png in Resources */,
				7741E08113E0488C002E7C7F /* icon@iPad.png in Resources */,
				7741E08213E0488C002E7C7F /* InfoButton.png in Resources */,
				7741E08313E0488C002E7C7F /* InfoButton@2x.png in Resources */,
				7741E08413E0488C002E7C7F /* MAGSHAREBadge.png in Resources */,
				7741E08613E0488C002E7C7F /* OpenRing_320.png in Resources */,
				7741E08713E0488C002E7C7F /* Prefs.png in Resources */,
				7741E08813E0488C002E7C7F /* Prefs@2x.png in Resources */,
				7741E08913E0488C002E7C7F /* ResetButton.png in Resources */,
				7741E08A13E0488C002E7C7F /* ResetButton@2x.png in Resources */,
				7741E08B13E0488C002E7C7F /* Shadow.png in Resources */,
				7741E08C13E0488C002E7C7F /* Time.png in Resources */,
				7741E08D13E0488C002E7C7F /* Time@2x.png in Resources */,
				779FA5D013E6BADC00A3E72A /* 01_White_Body.png in Resources */,
				779FA5D113E6BADC00A3E72A /* 02_Orange_Body.png in Resources */,
				779FA5D213E6BADC00A3E72A /* 03_Green_Body.png in Resources */,
				779FA5D313E6BADC00A3E72A /* 04_Red_Body.png in Resources */,
				779FA5D413E6BADC00A3E72A /* 05_Blue_Body.png in Resources */,
				779FA5D513E6BADC00A3E72A /* 06_Yellow_Body.png in Resources */,
				779FA5D613E6BADC00A3E72A /* 07_GlowInTheDark_Body.png in Resources */,
				779FA5D713E6BADC00A3E72A /* 08_Gray_Body.png in Resources */,
				779FA5D813E6BADC00A3E72A /* 09_Black_Body.png in Resources */,
				779FA5D913E6BADC00A3E72A /* 10_Granite_Body.png in Resources */,
				779FA5DA13E6BADC00A3E72A /* 11_Purple_Body.png in Resources */,
				7777A81213E8422E00D1C2AC /* 01_White_Face.png in Resources */,
				7777A82A13E8428100D1C2AC /* 02_Orange_Face.png in Resources */,
				7777A82E13E8429C00D1C2AC /* 03_Green_Face.png in Resources */,
				7777A83213E842A900D1C2AC /* 04_Red_Face.png in Resources */,
				7777A83513E842D100D1C2AC /* 05_Blue_Face.png in Resources */,
				7777A83A13E8437D00D1C2AC /* 06_Yellow_Face.png in Resources */,
				7777A83E13E8438700D1C2AC /* 07_GlowInTheDark_Face.png in Resources */,
				7777A84213E8439600D1C2AC /* 08_Gray_Face.png in Resources */,
				7777A84613E843A600D1C2AC /* 09_Black_Face.png in Resources */,
				7777A84A13E843B100D1C2AC /* 10_Granite_Face.png in Resources */,
				7777A84E13E843BB00D1C2AC /* 11_Purple_Face.png in Resources */,
				774501EC13E86739001A3E14 /* InfoPlist.strings in Resources */,
				774501EE13E86748001A3E14 /* Localizable.strings in Resources */,
			);
			runOnlyForDeploymentPostprocessing = 0;
		};
		77A8F43013D5AB2D00EA8E39 /* Resources */ = {
			isa = PBXResourcesBuildPhase;
			buildActionMask = 2147483647;
			files = (
				77A8F43E13D5AB2D00EA8E39 /* InfoPlist.strings in Resources */,
				77A8F44113D5AB2D00EA8E39 /* NACCTests.h in Resources */,
			);
			runOnlyForDeploymentPostprocessing = 0;
		};
/* End PBXResourcesBuildPhase section */

/* Begin PBXShellScriptBuildPhase section */
		77A8F43113D5AB2D00EA8E39 /* ShellScript */ = {
			isa = PBXShellScriptBuildPhase;
			buildActionMask = 2147483647;
			files = (
			);
			inputPaths = (
			);
			outputPaths = (
			);
			runOnlyForDeploymentPostprocessing = 0;
			shellPath = /bin/sh;
			shellScript = "# Run the unit tests in this test bundle.\n\"${SYSTEM_DEVELOPER_DIR}/Tools/RunUnitTests\"\n";
		};
/* End PBXShellScriptBuildPhase section */

/* Begin PBXSourcesBuildPhase section */
		77A8F41113D5AB2D00EA8E39 /* Sources */ = {
			isa = PBXSourcesBuildPhase;
			buildActionMask = 2147483647;
			files = (
				77A8F42713D5AB2D00EA8E39 /* main.m in Sources */,
				77A8F42A13D5AB2D00EA8E39 /* NACCAppDelegate.m in Sources */,
				778F59DF13D5C74200A9EE75 /* CleanDateViewController.m in Sources */,
				77F054C413D74EC500C75A98 /* KeyTagView.m in Sources */,
				77E0903D13D89A69003D67CD /* KeytagScrollerViewController.m in Sources */,
				7706D5F313DC569900758E6F /* SettingsTableViewController.m in Sources */,
				7706D61413DC6D1600758E6F /* InfoViewController.m in Sources */,
				77890D1613E44336009B6727 /* SelectCleanDateViewController.m in Sources */,
			);
			runOnlyForDeploymentPostprocessing = 0;
		};
		77A8F42E13D5AB2D00EA8E39 /* Sources */ = {
			isa = PBXSourcesBuildPhase;
			buildActionMask = 2147483647;
			files = (
				77A8F44313D5AB2D00EA8E39 /* NACCTests.m in Sources */,
			);
			runOnlyForDeploymentPostprocessing = 0;
		};
/* End PBXSourcesBuildPhase section */

/* Begin PBXTargetDependency section */
		77A8F43813D5AB2D00EA8E39 /* PBXTargetDependency */ = {
			isa = PBXTargetDependency;
			target = 77A8F41413D5AB2D00EA8E39 /* NACC */;
			targetProxy = 77A8F43713D5AB2D00EA8E39 /* PBXContainerItemProxy */;
		};
/* End PBXTargetDependency section */

/* Begin PBXVariantGroup section */
		774501F013E86748001A3E14 /* Localizable.strings */ = {
			isa = PBXVariantGroup;
			children = (
				774501EF13E86748001A3E14 /* en */,
				7782EB0913F8A271000C8E3F /* fa */,
				777CDFEF14502DB400B838B7 /* sv */,
			);
			name = Localizable.strings;
			sourceTree = "<group>";
		};
		7777A81413E8422E00D1C2AC /* 01_White_Face.png */ = {
			isa = PBXVariantGroup;
			children = (
				7777A81313E8422E00D1C2AC /* en */,
				7782EB0C13F8A2B0000C8E3F /* fa */,
				774D48DA145590D900EE8D55 /* sv */,
			);
			name = 01_White_Face.png;
			sourceTree = "<group>";
		};
		7777A82C13E8428100D1C2AC /* 02_Orange_Face.png */ = {
			isa = PBXVariantGroup;
			children = (
				7777A82B13E8428100D1C2AC /* en */,
				7782EB0E13F8A2BE000C8E3F /* fa */,
				774D48DC145590E300EE8D55 /* sv */,
			);
			name = 02_Orange_Face.png;
			sourceTree = "<group>";
		};
		7777A83013E8429C00D1C2AC /* 03_Green_Face.png */ = {
			isa = PBXVariantGroup;
			children = (
				7777A82F13E8429C00D1C2AC /* en */,
				7782EB1013F8A2E6000C8E3F /* fa */,
				774D48DD145590EC00EE8D55 /* sv */,
			);
			name = 03_Green_Face.png;
			sourceTree = "<group>";
		};
		7777A83413E842A900D1C2AC /* 04_Red_Face.png */ = {
			isa = PBXVariantGroup;
			children = (
				7777A83313E842A900D1C2AC /* en */,
				7782EB1213F8A2F1000C8E3F /* fa */,
				774D48DE145590FE00EE8D55 /* sv */,
			);
			name = 04_Red_Face.png;
			sourceTree = "<group>";
		};
		7777A83713E842D100D1C2AC /* 05_Blue_Face.png */ = {
			isa = PBXVariantGroup;
			children = (
				7777A83613E842D100D1C2AC /* en */,
				7782EB1513F8A2FF000C8E3F /* fa */,
				774D48DF1455910200EE8D55 /* sv */,
			);
			name = 05_Blue_Face.png;
			sourceTree = "<group>";
		};
		7777A83C13E8437D00D1C2AC /* 06_Yellow_Face.png */ = {
			isa = PBXVariantGroup;
			children = (
				7777A83B13E8437D00D1C2AC /* en */,
				7782EB1613F8A309000C8E3F /* fa */,
				774D48E01455919100EE8D55 /* sv */,
			);
			name = 06_Yellow_Face.png;
			sourceTree = "<group>";
		};
		7777A84013E8438700D1C2AC /* 07_GlowInTheDark_Face.png */ = {
			isa = PBXVariantGroup;
			children = (
				7777A83F13E8438700D1C2AC /* en */,
				7782EB1813F8A313000C8E3F /* fa */,
			);
			name = 07_GlowInTheDark_Face.png;
			sourceTree = "<group>";
		};
		7777A84413E8439600D1C2AC /* 08_Gray_Face.png */ = {
			isa = PBXVariantGroup;
			children = (
				7777A84313E8439600D1C2AC /* en */,
				7782EB1A13F8A31F000C8E3F /* fa */,
				774D48E1145591A000EE8D55 /* sv */,
			);
			name = 08_Gray_Face.png;
			sourceTree = "<group>";
		};
		7777A84813E843A600D1C2AC /* 09_Black_Face.png */ = {
			isa = PBXVariantGroup;
			children = (
				7777A84713E843A600D1C2AC /* en */,
				7782EB1C13F8A330000C8E3F /* fa */,
				774D48E2145591A500EE8D55 /* sv */,
			);
			name = 09_Black_Face.png;
			sourceTree = "<group>";
		};
		7777A84C13E843B100D1C2AC /* 10_Granite_Face.png */ = {
			isa = PBXVariantGroup;
			children = (
				7777A84B13E843B100D1C2AC /* en */,
			);
			name = 10_Granite_Face.png;
			sourceTree = "<group>";
		};
		7777A85013E843BB00D1C2AC /* 11_Purple_Face.png */ = {
			isa = PBXVariantGroup;
			children = (
				7777A84F13E843BB00D1C2AC /* en */,
			);
			name = 11_Purple_Face.png;
			sourceTree = "<group>";
		};
		77A8F43C13D5AB2D00EA8E39 /* InfoPlist.strings */ = {
			isa = PBXVariantGroup;
			children = (
				77A8F43D13D5AB2D00EA8E39 /* en */,
			);
			name = InfoPlist.strings;
			sourceTree = "<group>";
		};
/* End PBXVariantGroup section */

/* Begin XCBuildConfiguration section */
		77A8F44413D5AB2D00EA8E39 /* Debug */ = {
			isa = XCBuildConfiguration;
			buildSettings = {
				ARCHS = (
					armv6,
					"$(ARCHS_STANDARD_32_BIT)",
				);
				CODE_SIGN_IDENTITY = "";
				"CODE_SIGN_IDENTITY[sdk=iphoneos*]" = "iPhone Developer";
				GCC_C_LANGUAGE_STANDARD = gnu99;
				GCC_OPTIMIZATION_LEVEL = 0;
				GCC_PREPROCESSOR_DEFINITIONS = DEBUG;
				GCC_SYMBOLS_PRIVATE_EXTERN = NO;
				GCC_VERSION = com.apple.compilers.llvmgcc42;
				GCC_WARN_ABOUT_RETURN_TYPE = YES;
				GCC_WARN_UNUSED_VARIABLE = YES;
				IPHONEOS_DEPLOYMENT_TARGET = 4.3;
				"PROVISIONING_PROFILE[sdk=iphoneos*]" = "";
				SDKROOT = iphoneos;
			};
			name = Debug;
		};
		77A8F44513D5AB2D00EA8E39 /* Release */ = {
			isa = XCBuildConfiguration;
			buildSettings = {
				ARCHS = (
					armv6,
					"$(ARCHS_STANDARD_32_BIT)",
				);
				CODE_SIGN_IDENTITY = "";
				"CODE_SIGN_IDENTITY[sdk=iphoneos*]" = "iPhone Developer";
				GCC_C_LANGUAGE_STANDARD = gnu99;
				GCC_VERSION = com.apple.compilers.llvmgcc42;
				GCC_WARN_ABOUT_RETURN_TYPE = YES;
				GCC_WARN_UNUSED_VARIABLE = YES;
				IPHONEOS_DEPLOYMENT_TARGET = 4.3;
				OTHER_CFLAGS = "-DNS_BLOCK_ASSERTIONS=1";
				"PROVISIONING_PROFILE[sdk=iphoneos*]" = "";
				SDKROOT = iphoneos;
			};
			name = Release;
		};
		77A8F44713D5AB2D00EA8E39 /* Debug */ = {
			isa = XCBuildConfiguration;
			buildSettings = {
				ALWAYS_SEARCH_USER_PATHS = NO;
				CODE_SIGN_IDENTITY = "";
				"CODE_SIGN_IDENTITY[sdk=iphoneos*]" = "iPhone Developer";
				COPY_PHASE_STRIP = YES;
				GCC_DYNAMIC_NO_PIC = NO;
				GCC_PRECOMPILE_PREFIX_HEADER = NO;
				GCC_PREFIX_HEADER = "NACC/NACC-Prefix.pch";
				GCC_VERSION = com.apple.compilers.llvm.clang.1_0;
				INFOPLIST_FILE = "NACC/NACC-Info.plist";
				IPHONEOS_DEPLOYMENT_TARGET = 4.0;
				PRODUCT_NAME = "$(TARGET_NAME)";
				"PROVISIONING_PROFILE[sdk=iphoneos*]" = "";
				STRIP_INSTALLED_PRODUCT = YES;
				TARGETED_DEVICE_FAMILY = "1,2";
				VERSIONING_SYSTEM = "apple-generic";
				WRAPPER_EXTENSION = app;
			};
			name = Debug;
		};
		77A8F44813D5AB2D00EA8E39 /* Release */ = {
			isa = XCBuildConfiguration;
			buildSettings = {
				ALWAYS_SEARCH_USER_PATHS = NO;
				CODE_SIGN_IDENTITY = "";
				"CODE_SIGN_IDENTITY[sdk=iphoneos*]" = "iPhone Distribution";
				COPY_PHASE_STRIP = YES;
				GCC_PRECOMPILE_PREFIX_HEADER = YES;
				GCC_PREFIX_HEADER = "NACC/NACC-Prefix.pch";
				GCC_VERSION = com.apple.compilers.llvm.clang.1_0;
				INFOPLIST_FILE = "NACC/NACC-Info.plist";
				IPHONEOS_DEPLOYMENT_TARGET = 4.0;
				PRODUCT_NAME = "$(TARGET_NAME)";
				"PROVISIONING_PROFILE[sdk=iphoneos*]" = "";
				STRIP_INSTALLED_PRODUCT = YES;
				TARGETED_DEVICE_FAMILY = "1,2";
				VALIDATE_PRODUCT = YES;
				VERSIONING_SYSTEM = "apple-generic";
				WRAPPER_EXTENSION = app;
			};
			name = Release;
		};
		77A8F44A13D5AB2D00EA8E39 /* Debug */ = {
			isa = XCBuildConfiguration;
			buildSettings = {
				ALWAYS_SEARCH_USER_PATHS = NO;
				BUNDLE_LOADER = "$(BUILT_PRODUCTS_DIR)/NACC.app/NACC";
				FRAMEWORK_SEARCH_PATHS = (
					"$(SDKROOT)/Developer/Library/Frameworks",
					"$(DEVELOPER_LIBRARY_DIR)/Frameworks",
				);
				GCC_PRECOMPILE_PREFIX_HEADER = YES;
				GCC_PREFIX_HEADER = "NACCTests/NACCTests-Prefix.pch";
				GCC_VERSION = com.apple.compilers.llvm.clang.1_0;
				INFOPLIST_FILE = "NACCTests/NACCTests-Info.plist";
				OTHER_LDFLAGS = (
					"-framework",
					SenTestingKit,
				);
				PRODUCT_NAME = "$(TARGET_NAME)";
				TEST_HOST = "$(BUNDLE_LOADER)";
				WRAPPER_EXTENSION = octest;
			};
			name = Debug;
		};
		77A8F44B13D5AB2D00EA8E39 /* Release */ = {
			isa = XCBuildConfiguration;
			buildSettings = {
				ALWAYS_SEARCH_USER_PATHS = NO;
				BUNDLE_LOADER = "$(BUILT_PRODUCTS_DIR)/NACC.app/NACC";
				FRAMEWORK_SEARCH_PATHS = (
					"$(SDKROOT)/Developer/Library/Frameworks",
					"$(DEVELOPER_LIBRARY_DIR)/Frameworks",
				);
				GCC_PRECOMPILE_PREFIX_HEADER = YES;
				GCC_PREFIX_HEADER = "NACCTests/NACCTests-Prefix.pch";
				GCC_VERSION = com.apple.compilers.llvm.clang.1_0;
				INFOPLIST_FILE = "NACCTests/NACCTests-Info.plist";
				OTHER_LDFLAGS = (
					"-framework",
					SenTestingKit,
				);
				PRODUCT_NAME = "$(TARGET_NAME)";
				TEST_HOST = "$(BUNDLE_LOADER)";
				WRAPPER_EXTENSION = octest;
			};
			name = Release;
		};
/* End XCBuildConfiguration section */

/* Begin XCConfigurationList section */
		77A8F40F13D5AB2D00EA8E39 /* Build configuration list for PBXProject "NACC" */ = {
			isa = XCConfigurationList;
			buildConfigurations = (
				77A8F44413D5AB2D00EA8E39 /* Debug */,
				77A8F44513D5AB2D00EA8E39 /* Release */,
			);
			defaultConfigurationIsVisible = 0;
			defaultConfigurationName = Release;
		};
		77A8F44613D5AB2D00EA8E39 /* Build configuration list for PBXNativeTarget "NACC" */ = {
			isa = XCConfigurationList;
			buildConfigurations = (
				77A8F44713D5AB2D00EA8E39 /* Debug */,
				77A8F44813D5AB2D00EA8E39 /* Release */,
			);
			defaultConfigurationIsVisible = 0;
			defaultConfigurationName = Release;
		};
		77A8F44913D5AB2D00EA8E39 /* Build configuration list for PBXNativeTarget "NACCTests" */ = {
			isa = XCConfigurationList;
			buildConfigurations = (
				77A8F44A13D5AB2D00EA8E39 /* Debug */,
				77A8F44B13D5AB2D00EA8E39 /* Release */,
			);
			defaultConfigurationIsVisible = 0;
			defaultConfigurationName = Release;
		};
/* End XCConfigurationList section */
	};
	rootObject = 77A8F40C13D5AB2D00EA8E39 /* Project object */;
}
